
Microsoft Visual Studio Solution File, Format Version 12.00
# Visual Studio Version 16
VisualStudioVersion = 16.0.31515.178
MinimumVisualStudioVersion = 10.0.40219.1
Project("{9A19103F-16F7-4668-BE54-9A1E7A4F7556}") = "Contact.DataAccess", "Contact.DataAccess\Contact.DataAccess.csproj", "{1CE37834-C1B7-4704-AEAC-FA00F9EA42E5}"
EndProject
Project("{9A19103F-16F7-4668-BE54-9A1E7A4F7556}") = "Contact.Bussiness", "Contact.Bussiness\Contact.Bussiness.csproj", "{F6563BE2-13AD-4C5B-8FC2-69777D8776DC}"
EndProject
Project("{9A19103F-16F7-4668-BE54-9A1E7A4F7556}") = "Contact.API", "Contact.API\Contact.API.csproj", "{A413B635-72C2-4C7D-99DF-A55854A70695}"
EndProject
Project("{9A19103F-16F7-4668-BE54-9A1E7A4F7556}") = "Core", "Core\Core.csproj", "{8719B0FC-02B0-4264-A3BD-B7CAC599538A}"
EndProject
Global
	GlobalSection(SolutionConfigurationPlatforms) = preSolution
		Debug|Any CPU = Debug|Any CPU
		Release|Any CPU = Release|Any CPU
	EndGlobalSection
	GlobalSection(ProjectConfigurationPlatforms) = postSolution
		{1CE37834-C1B7-4704-AEAC-FA00F9EA42E5}.Debug|Any CPU.ActiveCfg = Debug|Any CPU
		{1CE37834-C1B7-4704-AEAC-FA00F9EA42E5}.Debug|Any CPU.Build.0 = Debug|Any CPU
		{1CE37834-C1B7-4704-AEAC-FA00F9EA42E5}.Release|Any CPU.ActiveCfg = Release|Any CPU
		{1CE37834-C1B7-4704-AEAC-FA00F9EA42E5}.Release|Any CPU.Build.0 = Release|Any CPU
		{F6563BE2-13AD-4C5B-8FC2-69777D8776DC}.Debug|Any CPU.ActiveCfg = Debug|Any CPU
		{F6563BE2-13AD-4C5B-8FC2-69777D8776DC}.Debug|Any CPU.Build.0 = Debug|Any CPU
		{F6563BE2-13AD-4C5B-8FC2-69777D8776DC}.Release|Any CPU.ActiveCfg = Release|Any CPU
		{F6563BE2-13AD-4C5B-8FC2-69777D8776DC}.Release|Any CPU.Build.0 = Release|Any CPU
		{A413B635-72C2-4C7D-99DF-A55854A70695}.Debug|Any CPU.ActiveCfg = Debug|Any CPU
		{A413B635-72C2-4C7D-99DF-A55854A70695}.Debug|Any CPU.Build.0 = Debug|Any CPU
		{A413B635-72C2-4C7D-99DF-A55854A70695}.Release|Any CPU.ActiveCfg = Release|Any CPU
		{A413B635-72C2-4C7D-99DF-A55854A70695}.Release|Any CPU.Build.0 = Release|Any CPU
		{8719B0FC-02B0-4264-A3BD-B7CAC599538A}.Debug|Any CPU.ActiveCfg = Debug|Any CPU
		{8719B0FC-02B0-4264-A3BD-B7CAC599538A}.Debug|Any CPU.Build.0 = Debug|Any CPU
		{8719B0FC-02B0-4264-A3BD-B7CAC599538A}.Release|Any CPU.ActiveCfg = Release|Any CPU
		{8719B0FC-02B0-4264-A3BD-B7CAC599538A}.Release|Any CPU.Build.0 = Release|Any CPU
	EndGlobalSection
	GlobalSection(SolutionProperties) = preSolution
		HideSolutionNode = FALSE
	EndGlobalSection
	GlobalSection(ExtensibilityGlobals) = postSolution
		SolutionGuid = {08C973C6-F092-4A75-9CBA-C37FCC38A9BF}
	EndGlobalSection
EndGlobal
